// !$*UTF8*$!
{
	archiveVersion = 1;
	classes = {
	};
	objectVersion = 50;
	objects = {

/* Begin PBXBuildFile section */
		EE47ED3124C04E410097CCDB /* AppDelegate.swift in Sources */ = {isa = PBXBuildFile; fileRef = EE47ED3024C04E410097CCDB /* AppDelegate.swift */; };
		EE47ED3324C04E410097CCDB /* SceneDelegate.swift in Sources */ = {isa = PBXBuildFile; fileRef = EE47ED3224C04E410097CCDB /* SceneDelegate.swift */; };
		EE47ED3524C04E410097CCDB /* ContentView.swift in Sources */ = {isa = PBXBuildFile; fileRef = EE47ED3424C04E410097CCDB /* ContentView.swift */; };
		EE47ED3724C04E470097CCDB /* Assets.xcassets in Resources */ = {isa = PBXBuildFile; fileRef = EE47ED3624C04E470097CCDB /* Assets.xcassets */; };
		EE47ED3A24C04E470097CCDB /* Preview Assets.xcassets in Resources */ = {isa = PBXBuildFile; fileRef = EE47ED3924C04E470097CCDB /* Preview Assets.xcassets */; };
		EE47ED3D24C04E470097CCDB /* LaunchScreen.storyboard in Resources */ = {isa = PBXBuildFile; fileRef = EE47ED3B24C04E470097CCDB /* LaunchScreen.storyboard */; };
		EE47ED4824C04E470097CCDB /* CoreMLExamplesTests.swift in Sources */ = {isa = PBXBuildFile; fileRef = EE47ED4724C04E470097CCDB /* CoreMLExamplesTests.swift */; };
		EE47ED5324C04E480097CCDB /* CoreMLExamplesUITests.swift in Sources */ = {isa = PBXBuildFile; fileRef = EE47ED5224C04E480097CCDB /* CoreMLExamplesUITests.swift */; };
		EE47ED6124C04EFB0097CCDB /* Presenter.swift in Sources */ = {isa = PBXBuildFile; fileRef = EE47ED6024C04EFB0097CCDB /* Presenter.swift */; };
		EE47ED6324C04FD00097CCDB /* ImagePickerView.swift in Sources */ = {isa = PBXBuildFile; fileRef = EE47ED6224C04FD00097CCDB /* ImagePickerView.swift */; };
		EE89213724C078B400B42480 /* YoloObjectDetector.swift in Sources */ = {isa = PBXBuildFile; fileRef = EE89213624C078B400B42480 /* YoloObjectDetector.swift */; };
		EE89213924C07A6100B42480 /* YOLOv3Tiny.mlmodel in Sources */ = {isa = PBXBuildFile; fileRef = EE89213824C07A6100B42480 /* YOLOv3Tiny.mlmodel */; };
		EE89213B24C07A6800B42480 /* YOLOv3TinyFP16.mlmodel in Sources */ = {isa = PBXBuildFile; fileRef = EE89213A24C07A6800B42480 /* YOLOv3TinyFP16.mlmodel */; };
		EE89213D24C07A6C00B42480 /* YOLOv3TinyInt8LUT.mlmodel in Sources */ = {isa = PBXBuildFile; fileRef = EE89213C24C07A6C00B42480 /* YOLOv3TinyInt8LUT.mlmodel */; };
		EE89213F24C085CA00B42480 /* UIHelper.swift in Sources */ = {isa = PBXBuildFile; fileRef = EE89213E24C085CA00B42480 /* UIHelper.swift */; };
		EE89214124C08E7B00B42480 /* FCRNDepthMapper.swift in Sources */ = {isa = PBXBuildFile; fileRef = EE89214024C08E7B00B42480 /* FCRNDepthMapper.swift */; };
		EE89214324C09B6E00B42480 /* FCRNFP16.mlmodel in Sources */ = {isa = PBXBuildFile; fileRef = EE89214224C09B6E00B42480 /* FCRNFP16.mlmodel */; };
		EE89214524C09B8100B42480 /* FCRN.mlmodel in Sources */ = {isa = PBXBuildFile; fileRef = EE89214424C09B8100B42480 /* FCRN.mlmodel */; };
		EE89214724C0B4F500B42480 /* MobileNet.mlmodel in Sources */ = {isa = PBXBuildFile; fileRef = EE89214624C0B4F400B42480 /* MobileNet.mlmodel */; };
		EE89214924C0B50A00B42480 /* MobileNetClassifier.swift in Sources */ = {isa = PBXBuildFile; fileRef = EE89214824C0B50A00B42480 /* MobileNetClassifier.swift */; };
		EE89214F24C0BEAE00B42480 /* Resnet50FP16.mlmodel in Sources */ = {isa = PBXBuildFile; fileRef = EE89214A24C0BEAD00B42480 /* Resnet50FP16.mlmodel */; };
		EE89215024C0BEAE00B42480 /* Resnet50Int8LUT.mlmodel in Sources */ = {isa = PBXBuildFile; fileRef = EE89214B24C0BEAD00B42480 /* Resnet50Int8LUT.mlmodel */; };
		EE89215124C0BEAE00B42480 /* SqueezeNetInt8LUT.mlmodel in Sources */ = {isa = PBXBuildFile; fileRef = EE89214C24C0BEAD00B42480 /* SqueezeNetInt8LUT.mlmodel */; };
		EE89215224C0BEAE00B42480 /* Resnet50.mlmodel in Sources */ = {isa = PBXBuildFile; fileRef = EE89214D24C0BEAD00B42480 /* Resnet50.mlmodel */; };
		EE89215324C0BEAE00B42480 /* SqueezeNet.mlmodel in Sources */ = {isa = PBXBuildFile; fileRef = EE89214E24C0BEAE00B42480 /* SqueezeNet.mlmodel */; };
		EE89215824C0C04500B42480 /* PoseNetMobileNet075S16FP16.mlmodel in Sources */ = {isa = PBXBuildFile; fileRef = EE89215424C0C04500B42480 /* PoseNetMobileNet075S16FP16.mlmodel */; };
		EE89215924C0C04500B42480 /* PoseNetMobileNet075S8FP16.mlmodel in Sources */ = {isa = PBXBuildFile; fileRef = EE89215524C0C04500B42480 /* PoseNetMobileNet075S8FP16.mlmodel */; };
		EE89215A24C0C04500B42480 /* PoseNetMobileNet100S8FP16.mlmodel in Sources */ = {isa = PBXBuildFile; fileRef = EE89215624C0C04500B42480 /* PoseNetMobileNet100S8FP16.mlmodel */; };
		EE89215B24C0C04500B42480 /* PoseNetMobileNet100S16FP16.mlmodel in Sources */ = {isa = PBXBuildFile; fileRef = EE89215724C0C04500B42480 /* PoseNetMobileNet100S16FP16.mlmodel */; };
		EE89215D24C0C06200B42480 /* PoseEstimator.swift in Sources */ = {isa = PBXBuildFile; fileRef = EE89215C24C0C06200B42480 /* PoseEstimator.swift */; };
		EE8FD72124C0581B0095A68F /* HEDImplementor.swift in Sources */ = {isa = PBXBuildFile; fileRef = EE8FD72024C0581B0095A68F /* HEDImplementor.swift */; };
		EE8FD72624C0587F0095A68F /* HED_so.mlmodel in Sources */ = {isa = PBXBuildFile; fileRef = EE8FD72324C0587F0095A68F /* HED_so.mlmodel */; };
		EE8FD72724C0587F0095A68F /* HED_fuse.mlmodel in Sources */ = {isa = PBXBuildFile; fileRef = EE8FD72424C0587F0095A68F /* HED_fuse.mlmodel */; };
		EE8FD72824C0587F0095A68F /* HED_so3.mlmodel in Sources */ = {isa = PBXBuildFile; fileRef = EE8FD72524C0587F0095A68F /* HED_so3.mlmodel */; };
		EE8FD72C24C05CB00095A68F /* UIImage+Resize.swift in Sources */ = {isa = PBXBuildFile; fileRef = EE8FD72A24C05CB00095A68F /* UIImage+Resize.swift */; };
		EE8FD73E24C05FD70095A68F /* Array+Extensions.swift in Sources */ = {isa = PBXBuildFile; fileRef = EE8FD72F24C05FD70095A68F /* Array+Extensions.swift */; };
		EE8FD73F24C05FD70095A68F /* Math.swift in Sources */ = {isa = PBXBuildFile; fileRef = EE8FD73024C05FD70095A68F /* Math.swift */; };
		EE8FD74024C05FD70095A68F /* UIImage+CVPixelBuffer.swift in Sources */ = {isa = PBXBuildFile; fileRef = EE8FD73124C05FD70095A68F /* UIImage+CVPixelBuffer.swift */; };
		EE8FD74124C05FD70095A68F /* Predictions.swift in Sources */ = {isa = PBXBuildFile; fileRef = EE8FD73224C05FD70095A68F /* Predictions.swift */; };
		EE8FD74224C05FD70095A68F /* UIImage+Extensions.swift in Sources */ = {isa = PBXBuildFile; fileRef = EE8FD73324C05FD70095A68F /* UIImage+Extensions.swift */; };
		EE8FD74324C05FD70095A68F /* CGImagePropertyOrientation.swift in Sources */ = {isa = PBXBuildFile; fileRef = EE8FD73424C05FD70095A68F /* CGImagePropertyOrientation.swift */; };
		EE8FD74424C05FD70095A68F /* UIImage+RawBytes.swift in Sources */ = {isa = PBXBuildFile; fileRef = EE8FD73524C05FD70095A68F /* UIImage+RawBytes.swift */; };
		EE8FD74524C05FD70095A68F /* MLMultiArray+Helpers.swift in Sources */ = {isa = PBXBuildFile; fileRef = EE8FD73624C05FD70095A68F /* MLMultiArray+Helpers.swift */; };
		EE8FD74624C05FD70095A68F /* CVPixelBuffer+Helpers.swift in Sources */ = {isa = PBXBuildFile; fileRef = EE8FD73724C05FD70095A68F /* CVPixelBuffer+Helpers.swift */; };
		EE8FD74724C05FD70095A68F /* MLModel+Images.swift in Sources */ = {isa = PBXBuildFile; fileRef = EE8FD73824C05FD70095A68F /* MLModel+Images.swift */; };
		EE8FD74824C05FD70095A68F /* CoreML+Combine.swift in Sources */ = {isa = PBXBuildFile; fileRef = EE8FD73924C05FD70095A68F /* CoreML+Combine.swift */; };
		EE8FD74924C05FD70095A68F /* CGImage+CVPixelBuffer.swift in Sources */ = {isa = PBXBuildFile; fileRef = EE8FD73A24C05FD70095A68F /* CGImage+CVPixelBuffer.swift */; };
		EE8FD74A24C05FD70095A68F /* NonMaxSuppression.swift in Sources */ = {isa = PBXBuildFile; fileRef = EE8FD73B24C05FD70095A68F /* NonMaxSuppression.swift */; };
		EE8FD74B24C05FD70095A68F /* CGImage+RawBytes.swift in Sources */ = {isa = PBXBuildFile; fileRef = EE8FD73C24C05FD70095A68F /* CGImage+RawBytes.swift */; };
		EE8FD74C24C05FD70095A68F /* MLMultiArray+Image.swift in Sources */ = {isa = PBXBuildFile; fileRef = EE8FD73D24C05FD70095A68F /* MLMultiArray+Image.swift */; };
		EE8FD74E24C073290095A68F /* DeepLabSegmenter.swift in Sources */ = {isa = PBXBuildFile; fileRef = EE8FD74D24C073290095A68F /* DeepLabSegmenter.swift */; };
		EE8FD75224C073420095A68F /* DeepLabV3Int8LUT.mlmodel in Sources */ = {isa = PBXBuildFile; fileRef = EE8FD74F24C073420095A68F /* DeepLabV3Int8LUT.mlmodel */; };
		EE8FD75324C073420095A68F /* DeepLabV3.mlmodel in Sources */ = {isa = PBXBuildFile; fileRef = EE8FD75024C073420095A68F /* DeepLabV3.mlmodel */; };
		EE8FD75424C073420095A68F /* DeepLabV3FP16.mlmodel in Sources */ = {isa = PBXBuildFile; fileRef = EE8FD75124C073420095A68F /* DeepLabV3FP16.mlmodel */; };
/* End PBXBuildFile section */

/* Begin PBXContainerItemProxy section */
		EE47ED4424C04E470097CCDB /* PBXContainerItemProxy */ = {
			isa = PBXContainerItemProxy;
			containerPortal = EE47ED2524C04E410097CCDB /* Project object */;
			proxyType = 1;
			remoteGlobalIDString = EE47ED2C24C04E410097CCDB;
			remoteInfo = CoreMLExamples;
		};
		EE47ED4F24C04E480097CCDB /* PBXContainerItemProxy */ = {
			isa = PBXContainerItemProxy;
			containerPortal = EE47ED2524C04E410097CCDB /* Project object */;
			proxyType = 1;
			remoteGlobalIDString = EE47ED2C24C04E410097CCDB;
			remoteInfo = CoreMLExamples;
		};
/* End PBXContainerItemProxy section */

/* Begin PBXFileReference section */
		EE47ED2D24C04E410097CCDB /* CoreMLExamples.app */ = {isa = PBXFileReference; explicitFileType = wrapper.application; includeInIndex = 0; path = CoreMLExamples.app; sourceTree = BUILT_PRODUCTS_DIR; };
		EE47ED3024C04E410097CCDB /* AppDelegate.swift */ = {isa = PBXFileReference; lastKnownFileType = sourcecode.swift; path = AppDelegate.swift; sourceTree = "<group>"; };
		EE47ED3224C04E410097CCDB /* SceneDelegate.swift */ = {isa = PBXFileReference; lastKnownFileType = sourcecode.swift; path = SceneDelegate.swift; sourceTree = "<group>"; };
		EE47ED3424C04E410097CCDB /* ContentView.swift */ = {isa = PBXFileReference; lastKnownFileType = sourcecode.swift; path = ContentView.swift; sourceTree = "<group>"; };
		EE47ED3624C04E470097CCDB /* Assets.xcassets */ = {isa = PBXFileReference; lastKnownFileType = folder.assetcatalog; path = Assets.xcassets; sourceTree = "<group>"; };
		EE47ED3924C04E470097CCDB /* Preview Assets.xcassets */ = {isa = PBXFileReference; lastKnownFileType = folder.assetcatalog; path = "Preview Assets.xcassets"; sourceTree = "<group>"; };
		EE47ED3C24C04E470097CCDB /* Base */ = {isa = PBXFileReference; lastKnownFileType = file.storyboard; name = Base; path = Base.lproj/LaunchScreen.storyboard; sourceTree = "<group>"; };
		EE47ED3E24C04E470097CCDB /* Info.plist */ = {isa = PBXFileReference; lastKnownFileType = text.plist.xml; path = Info.plist; sourceTree = "<group>"; };
		EE47ED4324C04E470097CCDB /* CoreMLExamplesTests.xctest */ = {isa = PBXFileReference; explicitFileType = wrapper.cfbundle; includeInIndex = 0; path = CoreMLExamplesTests.xctest; sourceTree = BUILT_PRODUCTS_DIR; };
		EE47ED4724C04E470097CCDB /* CoreMLExamplesTests.swift */ = {isa = PBXFileReference; lastKnownFileType = sourcecode.swift; path = CoreMLExamplesTests.swift; sourceTree = "<group>"; };
		EE47ED4924C04E470097CCDB /* Info.plist */ = {isa = PBXFileReference; lastKnownFileType = text.plist.xml; path = Info.plist; sourceTree = "<group>"; };
		EE47ED4E24C04E480097CCDB /* CoreMLExamplesUITests.xctest */ = {isa = PBXFileReference; explicitFileType = wrapper.cfbundle; includeInIndex = 0; path = CoreMLExamplesUITests.xctest; sourceTree = BUILT_PRODUCTS_DIR; };
		EE47ED5224C04E480097CCDB /* CoreMLExamplesUITests.swift */ = {isa = PBXFileReference; lastKnownFileType = sourcecode.swift; path = CoreMLExamplesUITests.swift; sourceTree = "<group>"; };
		EE47ED5424C04E480097CCDB /* Info.plist */ = {isa = PBXFileReference; lastKnownFileType = text.plist.xml; path = Info.plist; sourceTree = "<group>"; };
		EE47ED6024C04EFB0097CCDB /* Presenter.swift */ = {isa = PBXFileReference; lastKnownFileType = sourcecode.swift; path = Presenter.swift; sourceTree = "<group>"; };
		EE47ED6224C04FD00097CCDB /* ImagePickerView.swift */ = {isa = PBXFileReference; lastKnownFileType = sourcecode.swift; path = ImagePickerView.swift; sourceTree = "<group>"; };
		EE89213624C078B400B42480 /* YoloObjectDetector.swift */ = {isa = PBXFileReference; lastKnownFileType = sourcecode.swift; path = YoloObjectDetector.swift; sourceTree = "<group>"; };
		EE89213824C07A6100B42480 /* YOLOv3Tiny.mlmodel */ = {isa = PBXFileReference; lastKnownFileType = file.mlmodel; path = YOLOv3Tiny.mlmodel; sourceTree = "<group>"; };
		EE89213A24C07A6800B42480 /* YOLOv3TinyFP16.mlmodel */ = {isa = PBXFileReference; lastKnownFileType = file.mlmodel; path = YOLOv3TinyFP16.mlmodel; sourceTree = "<group>"; };
		EE89213C24C07A6C00B42480 /* YOLOv3TinyInt8LUT.mlmodel */ = {isa = PBXFileReference; lastKnownFileType = file.mlmodel; path = YOLOv3TinyInt8LUT.mlmodel; sourceTree = "<group>"; };
		EE89213E24C085CA00B42480 /* UIHelper.swift */ = {isa = PBXFileReference; lastKnownFileType = sourcecode.swift; path = UIHelper.swift; sourceTree = "<group>"; };
		EE89214024C08E7B00B42480 /* FCRNDepthMapper.swift */ = {isa = PBXFileReference; lastKnownFileType = sourcecode.swift; path = FCRNDepthMapper.swift; sourceTree = "<group>"; };
		EE89214224C09B6E00B42480 /* FCRNFP16.mlmodel */ = {isa = PBXFileReference; lastKnownFileType = file.mlmodel; path = FCRNFP16.mlmodel; sourceTree = "<group>"; };
		EE89214424C09B8100B42480 /* FCRN.mlmodel */ = {isa = PBXFileReference; lastKnownFileType = file.mlmodel; path = FCRN.mlmodel; sourceTree = "<group>"; };
		EE89214624C0B4F400B42480 /* MobileNet.mlmodel */ = {isa = PBXFileReference; lastKnownFileType = file.mlmodel; path = MobileNet.mlmodel; sourceTree = "<group>"; };
		EE89214824C0B50A00B42480 /* MobileNetClassifier.swift */ = {isa = PBXFileReference; lastKnownFileType = sourcecode.swift; path = MobileNetClassifier.swift; sourceTree = "<group>"; };
		EE89214A24C0BEAD00B42480 /* Resnet50FP16.mlmodel */ = {isa = PBXFileReference; lastKnownFileType = file.mlmodel; path = Resnet50FP16.mlmodel; sourceTree = "<group>"; };
		EE89214B24C0BEAD00B42480 /* Resnet50Int8LUT.mlmodel */ = {isa = PBXFileReference; lastKnownFileType = file.mlmodel; path = Resnet50Int8LUT.mlmodel; sourceTree = "<group>"; };
		EE89214C24C0BEAD00B42480 /* SqueezeNetInt8LUT.mlmodel */ = {isa = PBXFileReference; lastKnownFileType = file.mlmodel; path = SqueezeNetInt8LUT.mlmodel; sourceTree = "<group>"; };
		EE89214D24C0BEAD00B42480 /* Resnet50.mlmodel */ = {isa = PBXFileReference; lastKnownFileType = file.mlmodel; path = Resnet50.mlmodel; sourceTree = "<group>"; };
		EE89214E24C0BEAE00B42480 /* SqueezeNet.mlmodel */ = {isa = PBXFileReference; lastKnownFileType = file.mlmodel; path = SqueezeNet.mlmodel; sourceTree = "<group>"; };
		EE89215424C0C04500B42480 /* PoseNetMobileNet075S16FP16.mlmodel */ = {isa = PBXFileReference; lastKnownFileType = file.mlmodel; path = PoseNetMobileNet075S16FP16.mlmodel; sourceTree = "<group>"; };
		EE89215524C0C04500B42480 /* PoseNetMobileNet075S8FP16.mlmodel */ = {isa = PBXFileReference; lastKnownFileType = file.mlmodel; path = PoseNetMobileNet075S8FP16.mlmodel; sourceTree = "<group>"; };
		EE89215624C0C04500B42480 /* PoseNetMobileNet100S8FP16.mlmodel */ = {isa = PBXFileReference; lastKnownFileType = file.mlmodel; path = PoseNetMobileNet100S8FP16.mlmodel; sourceTree = "<group>"; };
		EE89215724C0C04500B42480 /* PoseNetMobileNet100S16FP16.mlmodel */ = {isa = PBXFileReference; lastKnownFileType = file.mlmodel; path = PoseNetMobileNet100S16FP16.mlmodel; sourceTree = "<group>"; };
		EE89215C24C0C06200B42480 /* PoseEstimator.swift */ = {isa = PBXFileReference; lastKnownFileType = sourcecode.swift; path = PoseEstimator.swift; sourceTree = "<group>"; };
		EE8FD72024C0581B0095A68F /* HEDImplementor.swift */ = {isa = PBXFileReference; lastKnownFileType = sourcecode.swift; path = HEDImplementor.swift; sourceTree = "<group>"; };
		EE8FD72324C0587F0095A68F /* HED_so.mlmodel */ = {isa = PBXFileReference; lastKnownFileType = file.mlmodel; path = HED_so.mlmodel; sourceTree = "<group>"; };
		EE8FD72424C0587F0095A68F /* HED_fuse.mlmodel */ = {isa = PBXFileReference; lastKnownFileType = file.mlmodel; path = HED_fuse.mlmodel; sourceTree = "<group>"; };
		EE8FD72524C0587F0095A68F /* HED_so3.mlmodel */ = {isa = PBXFileReference; lastKnownFileType = file.mlmodel; path = HED_so3.mlmodel; sourceTree = "<group>"; };
		EE8FD72A24C05CB00095A68F /* UIImage+Resize.swift */ = {isa = PBXFileReference; fileEncoding = 4; lastKnownFileType = sourcecode.swift; path = "UIImage+Resize.swift"; sourceTree = "<group>"; };
		EE8FD72F24C05FD70095A68F /* Array+Extensions.swift */ = {isa = PBXFileReference; fileEncoding = 4; lastKnownFileType = sourcecode.swift; path = "Array+Extensions.swift"; sourceTree = "<group>"; };
		EE8FD73024C05FD70095A68F /* Math.swift */ = {isa = PBXFileReference; fileEncoding = 4; lastKnownFileType = sourcecode.swift; path = Math.swift; sourceTree = "<group>"; };
		EE8FD73124C05FD70095A68F /* UIImage+CVPixelBuffer.swift */ = {isa = PBXFileReference; fileEncoding = 4; lastKnownFileType = sourcecode.swift; path = "UIImage+CVPixelBuffer.swift"; sourceTree = "<group>"; };
		EE8FD73224C05FD70095A68F /* Predictions.swift */ = {isa = PBXFileReference; fileEncoding = 4; lastKnownFileType = sourcecode.swift; path = Predictions.swift; sourceTree = "<group>"; };
		EE8FD73324C05FD70095A68F /* UIImage+Extensions.swift */ = {isa = PBXFileReference; fileEncoding = 4; lastKnownFileType = sourcecode.swift; path = "UIImage+Extensions.swift"; sourceTree = "<group>"; };
		EE8FD73424C05FD70095A68F /* CGImagePropertyOrientation.swift */ = {isa = PBXFileReference; fileEncoding = 4; lastKnownFileType = sourcecode.swift; path = CGImagePropertyOrientation.swift; sourceTree = "<group>"; };
		EE8FD73524C05FD70095A68F /* UIImage+RawBytes.swift */ = {isa = PBXFileReference; fileEncoding = 4; lastKnownFileType = sourcecode.swift; path = "UIImage+RawBytes.swift"; sourceTree = "<group>"; };
		EE8FD73624C05FD70095A68F /* MLMultiArray+Helpers.swift */ = {isa = PBXFileReference; fileEncoding = 4; lastKnownFileType = sourcecode.swift; path = "MLMultiArray+Helpers.swift"; sourceTree = "<group>"; };
		EE8FD73724C05FD70095A68F /* CVPixelBuffer+Helpers.swift */ = {isa = PBXFileReference; fileEncoding = 4; lastKnownFileType = sourcecode.swift; path = "CVPixelBuffer+Helpers.swift"; sourceTree = "<group>"; };
		EE8FD73824C05FD70095A68F /* MLModel+Images.swift */ = {isa = PBXFileReference; fileEncoding = 4; lastKnownFileType = sourcecode.swift; path = "MLModel+Images.swift"; sourceTree = "<group>"; };
		EE8FD73924C05FD70095A68F /* CoreML+Combine.swift */ = {isa = PBXFileReference; fileEncoding = 4; lastKnownFileType = sourcecode.swift; path = "CoreML+Combine.swift"; sourceTree = "<group>"; };
		EE8FD73A24C05FD70095A68F /* CGImage+CVPixelBuffer.swift */ = {isa = PBXFileReference; fileEncoding = 4; lastKnownFileType = sourcecode.swift; path = "CGImage+CVPixelBuffer.swift"; sourceTree = "<group>"; };
		EE8FD73B24C05FD70095A68F /* NonMaxSuppression.swift */ = {isa = PBXFileReference; fileEncoding = 4; lastKnownFileType = sourcecode.swift; path = NonMaxSuppression.swift; sourceTree = "<group>"; };
		EE8FD73C24C05FD70095A68F /* CGImage+RawBytes.swift */ = {isa = PBXFileReference; fileEncoding = 4; lastKnownFileType = sourcecode.swift; path = "CGImage+RawBytes.swift"; sourceTree = "<group>"; };
		EE8FD73D24C05FD70095A68F /* MLMultiArray+Image.swift */ = {isa = PBXFileReference; fileEncoding = 4; lastKnownFileType = sourcecode.swift; path = "MLMultiArray+Image.swift"; sourceTree = "<group>"; };
		EE8FD74D24C073290095A68F /* DeepLabSegmenter.swift */ = {isa = PBXFileReference; fileEncoding = 4; lastKnownFileType = sourcecode.swift; path = DeepLabSegmenter.swift; sourceTree = "<group>"; };
		EE8FD74F24C073420095A68F /* DeepLabV3Int8LUT.mlmodel */ = {isa = PBXFileReference; lastKnownFileType = file.mlmodel; path = DeepLabV3Int8LUT.mlmodel; sourceTree = "<group>"; };
		EE8FD75024C073420095A68F /* DeepLabV3.mlmodel */ = {isa = PBXFileReference; lastKnownFileType = file.mlmodel; path = DeepLabV3.mlmodel; sourceTree = "<group>"; };
		EE8FD75124C073420095A68F /* DeepLabV3FP16.mlmodel */ = {isa = PBXFileReference; lastKnownFileType = file.mlmodel; path = DeepLabV3FP16.mlmodel; sourceTree = "<group>"; };
/* End PBXFileReference section */

/* Begin PBXFrameworksBuildPhase section */
		EE47ED2A24C04E410097CCDB /* Frameworks */ = {
			isa = PBXFrameworksBuildPhase;
			buildActionMask = 2147483647;
			files = (
			);
			runOnlyForDeploymentPostprocessing = 0;
		};
		EE47ED4024C04E470097CCDB /* Frameworks */ = {
			isa = PBXFrameworksBuildPhase;
			buildActionMask = 2147483647;
			files = (
			);
			runOnlyForDeploymentPostprocessing = 0;
		};
		EE47ED4B24C04E480097CCDB /* Frameworks */ = {
			isa = PBXFrameworksBuildPhase;
			buildActionMask = 2147483647;
			files = (
			);
			runOnlyForDeploymentPostprocessing = 0;
		};
/* End PBXFrameworksBuildPhase section */

/* Begin PBXGroup section */
		EE47ED2424C04E410097CCDB = {
			isa = PBXGroup;
			children = (
				EE47ED2F24C04E410097CCDB /* CoreMLExamples */,
				EE47ED4624C04E470097CCDB /* CoreMLExamplesTests */,
				EE47ED5124C04E480097CCDB /* CoreMLExamplesUITests */,
				EE47ED2E24C04E410097CCDB /* Products */,
			);
			sourceTree = "<group>";
		};
		EE47ED2E24C04E410097CCDB /* Products */ = {
			isa = PBXGroup;
			children = (
				EE47ED2D24C04E410097CCDB /* CoreMLExamples.app */,
				EE47ED4324C04E470097CCDB /* CoreMLExamplesTests.xctest */,
				EE47ED4E24C04E480097CCDB /* CoreMLExamplesUITests.xctest */,
			);
			name = Products;
			sourceTree = "<group>";
		};
		EE47ED2F24C04E410097CCDB /* CoreMLExamples */ = {
			isa = PBXGroup;
			children = (
				EE8FD72E24C05FD70095A68F /* CoreMLHelpers */,
				EE8FD72924C05CA40095A68F /* Extensions */,
				EE8FD72224C0583F0095A68F /* Models */,
				EE8FD71F24C056CA0095A68F /* AppLifeCycle */,
				EE8FD71E24C0569C0095A68F /* View */,
				EE47ED3624C04E470097CCDB /* Assets.xcassets */,
				EE47ED3E24C04E470097CCDB /* Info.plist */,
				EE47ED3824C04E470097CCDB /* Preview Content */,
				EE47ED6024C04EFB0097CCDB /* Presenter.swift */,
				EE89213524C0785500B42480 /* ModelImplementation */,
			);
			path = CoreMLExamples;
			sourceTree = "<group>";
		};
		EE47ED3824C04E470097CCDB /* Preview Content */ = {
			isa = PBXGroup;
			children = (
				EE47ED3924C04E470097CCDB /* Preview Assets.xcassets */,
			);
			path = "Preview Content";
			sourceTree = "<group>";
		};
		EE47ED4624C04E470097CCDB /* CoreMLExamplesTests */ = {
			isa = PBXGroup;
			children = (
				EE47ED4724C04E470097CCDB /* CoreMLExamplesTests.swift */,
				EE47ED4924C04E470097CCDB /* Info.plist */,
			);
			path = CoreMLExamplesTests;
			sourceTree = "<group>";
		};
		EE47ED5124C04E480097CCDB /* CoreMLExamplesUITests */ = {
			isa = PBXGroup;
			children = (
				EE47ED5224C04E480097CCDB /* CoreMLExamplesUITests.swift */,
				EE47ED5424C04E480097CCDB /* Info.plist */,
			);
			path = CoreMLExamplesUITests;
			sourceTree = "<group>";
		};
		EE89213524C0785500B42480 /* ModelImplementation */ = {
			isa = PBXGroup;
			children = (
				EE8FD74D24C073290095A68F /* DeepLabSegmenter.swift */,
				EE8FD72024C0581B0095A68F /* HEDImplementor.swift */,
				EE89213624C078B400B42480 /* YoloObjectDetector.swift */,
				EE89214024C08E7B00B42480 /* FCRNDepthMapper.swift */,
				EE89214824C0B50A00B42480 /* MobileNetClassifier.swift */,
				EE89215C24C0C06200B42480 /* PoseEstimator.swift */,
			);
			path = ModelImplementation;
			sourceTree = "<group>";
		};
		EE8FD71E24C0569C0095A68F /* View */ = {
			isa = PBXGroup;
			children = (
				EE47ED3424C04E410097CCDB /* ContentView.swift */,
				EE47ED6224C04FD00097CCDB /* ImagePickerView.swift */,
				EE89213E24C085CA00B42480 /* UIHelper.swift */,
			);
			path = View;
			sourceTree = "<group>";
		};
		EE8FD71F24C056CA0095A68F /* AppLifeCycle */ = {
			isa = PBXGroup;
			children = (
				EE47ED3024C04E410097CCDB /* AppDelegate.swift */,
				EE47ED3224C04E410097CCDB /* SceneDelegate.swift */,
				EE47ED3B24C04E470097CCDB /* LaunchScreen.storyboard */,
			);
			path = AppLifeCycle;
			sourceTree = "<group>";
		};
		EE8FD72224C0583F0095A68F /* Models */ = {
			isa = PBXGroup;
			children = (
				EE89215524C0C04500B42480 /* PoseNetMobileNet075S8FP16.mlmodel */,
				EE89215424C0C04500B42480 /* PoseNetMobileNet075S16FP16.mlmodel */,
				EE89215624C0C04500B42480 /* PoseNetMobileNet100S8FP16.mlmodel */,
				EE89215724C0C04500B42480 /* PoseNetMobileNet100S16FP16.mlmodel */,
				EE89214D24C0BEAD00B42480 /* Resnet50.mlmodel */,
				EE89214A24C0BEAD00B42480 /* Resnet50FP16.mlmodel */,
				EE89214B24C0BEAD00B42480 /* Resnet50Int8LUT.mlmodel */,
				EE89214E24C0BEAE00B42480 /* SqueezeNet.mlmodel */,
				EE89214C24C0BEAD00B42480 /* SqueezeNetInt8LUT.mlmodel */,
				EE89214624C0B4F400B42480 /* MobileNet.mlmodel */,
				EE89214424C09B8100B42480 /* FCRN.mlmodel */,
				EE89214224C09B6E00B42480 /* FCRNFP16.mlmodel */,
				EE89213824C07A6100B42480 /* YOLOv3Tiny.mlmodel */,
				EE89213A24C07A6800B42480 /* YOLOv3TinyFP16.mlmodel */,
				EE89213C24C07A6C00B42480 /* YOLOv3TinyInt8LUT.mlmodel */,
				EE8FD75024C073420095A68F /* DeepLabV3.mlmodel */,
				EE8FD75124C073420095A68F /* DeepLabV3FP16.mlmodel */,
				EE8FD74F24C073420095A68F /* DeepLabV3Int8LUT.mlmodel */,
				EE8FD72424C0587F0095A68F /* HED_fuse.mlmodel */,
				EE8FD72324C0587F0095A68F /* HED_so.mlmodel */,
				EE8FD72524C0587F0095A68F /* HED_so3.mlmodel */,
			);
			path = Models;
			sourceTree = "<group>";
		};
		EE8FD72924C05CA40095A68F /* Extensions */ = {
			isa = PBXGroup;
			children = (
				EE8FD72A24C05CB00095A68F /* UIImage+Resize.swift */,
			);
			path = Extensions;
			sourceTree = "<group>";
		};
		EE8FD72E24C05FD70095A68F /* CoreMLHelpers */ = {
			isa = PBXGroup;
			children = (
				EE8FD72F24C05FD70095A68F /* Array+Extensions.swift */,
				EE8FD73024C05FD70095A68F /* Math.swift */,
				EE8FD73124C05FD70095A68F /* UIImage+CVPixelBuffer.swift */,
				EE8FD73224C05FD70095A68F /* Predictions.swift */,
				EE8FD73324C05FD70095A68F /* UIImage+Extensions.swift */,
				EE8FD73424C05FD70095A68F /* CGImagePropertyOrientation.swift */,
				EE8FD73524C05FD70095A68F /* UIImage+RawBytes.swift */,
				EE8FD73624C05FD70095A68F /* MLMultiArray+Helpers.swift */,
				EE8FD73724C05FD70095A68F /* CVPixelBuffer+Helpers.swift */,
				EE8FD73824C05FD70095A68F /* MLModel+Images.swift */,
				EE8FD73924C05FD70095A68F /* CoreML+Combine.swift */,
				EE8FD73A24C05FD70095A68F /* CGImage+CVPixelBuffer.swift */,
				EE8FD73B24C05FD70095A68F /* NonMaxSuppression.swift */,
				EE8FD73C24C05FD70095A68F /* CGImage+RawBytes.swift */,
				EE8FD73D24C05FD70095A68F /* MLMultiArray+Image.swift */,
			);
			path = CoreMLHelpers;
			sourceTree = "<group>";
		};
/* End PBXGroup section */

/* Begin PBXNativeTarget section */
		EE47ED2C24C04E410097CCDB /* CoreMLExamples */ = {
			isa = PBXNativeTarget;
			buildConfigurationList = EE47ED5724C04E480097CCDB /* Build configuration list for PBXNativeTarget "CoreMLExamples" */;
			buildPhases = (
				EE47ED2924C04E410097CCDB /* Sources */,
				EE47ED2A24C04E410097CCDB /* Frameworks */,
				EE47ED2B24C04E410097CCDB /* Resources */,
			);
			buildRules = (
			);
			dependencies = (
			);
			name = CoreMLExamples;
			productName = CoreMLExamples;
			productReference = EE47ED2D24C04E410097CCDB /* CoreMLExamples.app */;
			productType = "com.apple.product-type.application";
		};
		EE47ED4224C04E470097CCDB /* CoreMLExamplesTests */ = {
			isa = PBXNativeTarget;
			buildConfigurationList = EE47ED5A24C04E480097CCDB /* Build configuration list for PBXNativeTarget "CoreMLExamplesTests" */;
			buildPhases = (
				EE47ED3F24C04E470097CCDB /* Sources */,
				EE47ED4024C04E470097CCDB /* Frameworks */,
				EE47ED4124C04E470097CCDB /* Resources */,
			);
			buildRules = (
			);
			dependencies = (
				EE47ED4524C04E470097CCDB /* PBXTargetDependency */,
			);
			name = CoreMLExamplesTests;
			productName = CoreMLExamplesTests;
			productReference = EE47ED4324C04E470097CCDB /* CoreMLExamplesTests.xctest */;
			productType = "com.apple.product-type.bundle.unit-test";
		};
		EE47ED4D24C04E480097CCDB /* CoreMLExamplesUITests */ = {
			isa = PBXNativeTarget;
			buildConfigurationList = EE47ED5D24C04E480097CCDB /* Build configuration list for PBXNativeTarget "CoreMLExamplesUITests" */;
			buildPhases = (
				EE47ED4A24C04E480097CCDB /* Sources */,
				EE47ED4B24C04E480097CCDB /* Frameworks */,
				EE47ED4C24C04E480097CCDB /* Resources */,
			);
			buildRules = (
			);
			dependencies = (
				EE47ED5024C04E480097CCDB /* PBXTargetDependency */,
			);
			name = CoreMLExamplesUITests;
			productName = CoreMLExamplesUITests;
			productReference = EE47ED4E24C04E480097CCDB /* CoreMLExamplesUITests.xctest */;
			productType = "com.apple.product-type.bundle.ui-testing";
		};
/* End PBXNativeTarget section */

/* Begin PBXProject section */
		EE47ED2524C04E410097CCDB /* Project object */ = {
			isa = PBXProject;
			attributes = {
				LastSwiftUpdateCheck = 1150;
				LastUpgradeCheck = 1150;
				ORGANIZATIONNAME = "Mamunul Mazid";
				TargetAttributes = {
					EE47ED2C24C04E410097CCDB = {
						CreatedOnToolsVersion = 11.5;
					};
					EE47ED4224C04E470097CCDB = {
						CreatedOnToolsVersion = 11.5;
						TestTargetID = EE47ED2C24C04E410097CCDB;
					};
					EE47ED4D24C04E480097CCDB = {
						CreatedOnToolsVersion = 11.5;
						TestTargetID = EE47ED2C24C04E410097CCDB;
					};
				};
			};
			buildConfigurationList = EE47ED2824C04E410097CCDB /* Build configuration list for PBXProject "CoreMLExamples" */;
			compatibilityVersion = "Xcode 9.3";
			developmentRegion = en;
			hasScannedForEncodings = 0;
			knownRegions = (
				en,
				Base,
			);
			mainGroup = EE47ED2424C04E410097CCDB;
			productRefGroup = EE47ED2E24C04E410097CCDB /* Products */;
			projectDirPath = "";
			projectRoot = "";
			targets = (
				EE47ED2C24C04E410097CCDB /* CoreMLExamples */,
				EE47ED4224C04E470097CCDB /* CoreMLExamplesTests */,
				EE47ED4D24C04E480097CCDB /* CoreMLExamplesUITests */,
			);
		};
/* End PBXProject section */

/* Begin PBXResourcesBuildPhase section */
		EE47ED2B24C04E410097CCDB /* Resources */ = {
			isa = PBXResourcesBuildPhase;
			buildActionMask = 2147483647;
			files = (
				EE47ED3D24C04E470097CCDB /* LaunchScreen.storyboard in Resources */,
				EE47ED3A24C04E470097CCDB /* Preview Assets.xcassets in Resources */,
				EE47ED3724C04E470097CCDB /* Assets.xcassets in Resources */,
			);
			runOnlyForDeploymentPostprocessing = 0;
		};
		EE47ED4124C04E470097CCDB /* Resources */ = {
			isa = PBXResourcesBuildPhase;
			buildActionMask = 2147483647;
			files = (
			);
			runOnlyForDeploymentPostprocessing = 0;
		};
		EE47ED4C24C04E480097CCDB /* Resources */ = {
			isa = PBXResourcesBuildPhase;
			buildActionMask = 2147483647;
			files = (
			);
			runOnlyForDeploymentPostprocessing = 0;
		};
/* End PBXResourcesBuildPhase section */

/* Begin PBXSourcesBuildPhase section */
		EE47ED2924C04E410097CCDB /* Sources */ = {
			isa = PBXSourcesBuildPhase;
			buildActionMask = 2147483647;
			files = (
				EE89213924C07A6100B42480 /* YOLOv3Tiny.mlmodel in Sources */,
				EE8FD72124C0581B0095A68F /* HEDImplementor.swift in Sources */,
				EE8FD74624C05FD70095A68F /* CVPixelBuffer+Helpers.swift in Sources */,
				EE8FD74E24C073290095A68F /* DeepLabSegmenter.swift in Sources */,
				EE89213724C078B400B42480 /* YoloObjectDetector.swift in Sources */,
				EE89215224C0BEAE00B42480 /* Resnet50.mlmodel in Sources */,
				EE8FD75424C073420095A68F /* DeepLabV3FP16.mlmodel in Sources */,
				EE89214524C09B8100B42480 /* FCRN.mlmodel in Sources */,
				EE89214F24C0BEAE00B42480 /* Resnet50FP16.mlmodel in Sources */,
				EE8FD73F24C05FD70095A68F /* Math.swift in Sources */,
				EE47ED3124C04E410097CCDB /* AppDelegate.swift in Sources */,
				EE47ED3324C04E410097CCDB /* SceneDelegate.swift in Sources */,
				EE8FD72C24C05CB00095A68F /* UIImage+Resize.swift in Sources */,
				EE8FD75324C073420095A68F /* DeepLabV3.mlmodel in Sources */,
				EE8FD74424C05FD70095A68F /* UIImage+RawBytes.swift in Sources */,
				EE89215124C0BEAE00B42480 /* SqueezeNetInt8LUT.mlmodel in Sources */,
				EE8FD72724C0587F0095A68F /* HED_fuse.mlmodel in Sources */,
				EE8FD72624C0587F0095A68F /* HED_so.mlmodel in Sources */,
				EE89214324C09B6E00B42480 /* FCRNFP16.mlmodel in Sources */,
				EE8FD74724C05FD70095A68F /* MLModel+Images.swift in Sources */,
				EE8FD75224C073420095A68F /* DeepLabV3Int8LUT.mlmodel in Sources */,
				EE8FD73E24C05FD70095A68F /* Array+Extensions.swift in Sources */,
				EE8FD72824C0587F0095A68F /* HED_so3.mlmodel in Sources */,
				EE89215824C0C04500B42480 /* PoseNetMobileNet075S16FP16.mlmodel in Sources */,
				EE89215924C0C04500B42480 /* PoseNetMobileNet075S8FP16.mlmodel in Sources */,
				EE8FD74524C05FD70095A68F /* MLMultiArray+Helpers.swift in Sources */,
				EE8FD74124C05FD70095A68F /* Predictions.swift in Sources */,
				EE89214124C08E7B00B42480 /* FCRNDepthMapper.swift in Sources */,
				EE8FD74B24C05FD70095A68F /* CGImage+RawBytes.swift in Sources */,
				EE8FD74C24C05FD70095A68F /* MLMultiArray+Image.swift in Sources */,
				EE8FD74824C05FD70095A68F /* CoreML+Combine.swift in Sources */,
				EE89214924C0B50A00B42480 /* MobileNetClassifier.swift in Sources */,
				EE47ED6124C04EFB0097CCDB /* Presenter.swift in Sources */,
				EE8FD74024C05FD70095A68F /* UIImage+CVPixelBuffer.swift in Sources */,
				EE89215D24C0C06200B42480 /* PoseEstimator.swift in Sources */,
				EE89215A24C0C04500B42480 /* PoseNetMobileNet100S8FP16.mlmodel in Sources */,
				EE89215024C0BEAE00B42480 /* Resnet50Int8LUT.mlmodel in Sources */,
				EE8FD74924C05FD70095A68F /* CGImage+CVPixelBuffer.swift in Sources */,
				EE47ED3524C04E410097CCDB /* ContentView.swift in Sources */,
				EE89214724C0B4F500B42480 /* MobileNet.mlmodel in Sources */,
				EE89213B24C07A6800B42480 /* YOLOv3TinyFP16.mlmodel in Sources */,
				EE47ED6324C04FD00097CCDB /* ImagePickerView.swift in Sources */,
				EE89213F24C085CA00B42480 /* UIHelper.swift in Sources */,
				EE89213D24C07A6C00B42480 /* YOLOv3TinyInt8LUT.mlmodel in Sources */,
				EE89215B24C0C04500B42480 /* PoseNetMobileNet100S16FP16.mlmodel in Sources */,
				EE8FD74324C05FD70095A68F /* CGImagePropertyOrientation.swift in Sources */,
				EE8FD74A24C05FD70095A68F /* NonMaxSuppression.swift in Sources */,
				EE8FD74224C05FD70095A68F /* UIImage+Extensions.swift in Sources */,
				EE89215324C0BEAE00B42480 /* SqueezeNet.mlmodel in Sources */,
			);
			runOnlyForDeploymentPostprocessing = 0;
		};
		EE47ED3F24C04E470097CCDB /* Sources */ = {
			isa = PBXSourcesBuildPhase;
			buildActionMask = 2147483647;
			files = (
				EE47ED4824C04E470097CCDB /* CoreMLExamplesTests.swift in Sources */,
			);
			runOnlyForDeploymentPostprocessing = 0;
		};
		EE47ED4A24C04E480097CCDB /* Sources */ = {
			isa = PBXSourcesBuildPhase;
			buildActionMask = 2147483647;
			files = (
				EE47ED5324C04E480097CCDB /* CoreMLExamplesUITests.swift in Sources */,
			);
			runOnlyForDeploymentPostprocessing = 0;
		};
/* End PBXSourcesBuildPhase section */

/* Begin PBXTargetDependency section */
		EE47ED4524C04E470097CCDB /* PBXTargetDependency */ = {
			isa = PBXTargetDependency;
			target = EE47ED2C24C04E410097CCDB /* CoreMLExamples */;
			targetProxy = EE47ED4424C04E470097CCDB /* PBXContainerItemProxy */;
		};
		EE47ED5024C04E480097CCDB /* PBXTargetDependency */ = {
			isa = PBXTargetDependency;
			target = EE47ED2C24C04E410097CCDB /* CoreMLExamples */;
			targetProxy = EE47ED4F24C04E480097CCDB /* PBXContainerItemProxy */;
		};
/* End PBXTargetDependency section */

/* Begin PBXVariantGroup section */
		EE47ED3B24C04E470097CCDB /* LaunchScreen.storyboard */ = {
			isa = PBXVariantGroup;
			children = (
				EE47ED3C24C04E470097CCDB /* Base */,
			);
			name = LaunchScreen.storyboard;
			sourceTree = "<group>";
		};
/* End PBXVariantGroup section */

/* Begin XCBuildConfiguration section */
		EE47ED5524C04E480097CCDB /* Debug */ = {
			isa = XCBuildConfiguration;
			buildSettings = {
				ALWAYS_SEARCH_USER_PATHS = NO;
				CLANG_ANALYZER_NONNULL = YES;
				CLANG_ANALYZER_NUMBER_OBJECT_CONVERSION = YES_AGGRESSIVE;
				CLANG_CXX_LANGUAGE_STANDARD = "gnu++14";
				CLANG_CXX_LIBRARY = "libc++";
				CLANG_ENABLE_MODULES = YES;
				CLANG_ENABLE_OBJC_ARC = YES;
				CLANG_ENABLE_OBJC_WEAK = YES;
				CLANG_WARN_BLOCK_CAPTURE_AUTORELEASING = YES;
				CLANG_WARN_BOOL_CONVERSION = YES;
				CLANG_WARN_COMMA = YES;
				CLANG_WARN_CONSTANT_CONVERSION = YES;
				CLANG_WARN_DEPRECATED_OBJC_IMPLEMENTATIONS = YES;
				CLANG_WARN_DIRECT_OBJC_ISA_USAGE = YES_ERROR;
				CLANG_WARN_DOCUMENTATION_COMMENTS = YES;
				CLANG_WARN_EMPTY_BODY = YES;
				CLANG_WARN_ENUM_CONVERSION = YES;
				CLANG_WARN_INFINITE_RECURSION = YES;
				CLANG_WARN_INT_CONVERSION = YES;
				CLANG_WARN_NON_LITERAL_NULL_CONVERSION = YES;
				CLANG_WARN_OBJC_IMPLICIT_RETAIN_SELF = YES;
				CLANG_WARN_OBJC_LITERAL_CONVERSION = YES;
				CLANG_WARN_OBJC_ROOT_CLASS = YES_ERROR;
				CLANG_WARN_RANGE_LOOP_ANALYSIS = YES;
				CLANG_WARN_STRICT_PROTOTYPES = YES;
				CLANG_WARN_SUSPICIOUS_MOVE = YES;
				CLANG_WARN_UNGUARDED_AVAILABILITY = YES_AGGRESSIVE;
				CLANG_WARN_UNREACHABLE_CODE = YES;
				CLANG_WARN__DUPLICATE_METHOD_MATCH = YES;
				COPY_PHASE_STRIP = NO;
				DEBUG_INFORMATION_FORMAT = dwarf;
				ENABLE_STRICT_OBJC_MSGSEND = YES;
				ENABLE_TESTABILITY = YES;
				GCC_C_LANGUAGE_STANDARD = gnu11;
				GCC_DYNAMIC_NO_PIC = NO;
				GCC_NO_COMMON_BLOCKS = YES;
				GCC_OPTIMIZATION_LEVEL = 0;
				GCC_PREPROCESSOR_DEFINITIONS = (
					"DEBUG=1",
					"$(inherited)",
				);
				GCC_WARN_64_TO_32_BIT_CONVERSION = YES;
				GCC_WARN_ABOUT_RETURN_TYPE = YES_ERROR;
				GCC_WARN_UNDECLARED_SELECTOR = YES;
				GCC_WARN_UNINITIALIZED_AUTOS = YES_AGGRESSIVE;
				GCC_WARN_UNUSED_FUNCTION = YES;
				GCC_WARN_UNUSED_VARIABLE = YES;
				IPHONEOS_DEPLOYMENT_TARGET = 13.5;
				MTL_ENABLE_DEBUG_INFO = INCLUDE_SOURCE;
				MTL_FAST_MATH = YES;
				ONLY_ACTIVE_ARCH = YES;
				SDKROOT = iphoneos;
				SWIFT_ACTIVE_COMPILATION_CONDITIONS = DEBUG;
				SWIFT_OPTIMIZATION_LEVEL = "-Onone";
			};
			name = Debug;
		};
		EE47ED5624C04E480097CCDB /* Release */ = {
			isa = XCBuildConfiguration;
			buildSettings = {
				ALWAYS_SEARCH_USER_PATHS = NO;
				CLANG_ANALYZER_NONNULL = YES;
				CLANG_ANALYZER_NUMBER_OBJECT_CONVERSION = YES_AGGRESSIVE;
				CLANG_CXX_LANGUAGE_STANDARD = "gnu++14";
				CLANG_CXX_LIBRARY = "libc++";
				CLANG_ENABLE_MODULES = YES;
				CLANG_ENABLE_OBJC_ARC = YES;
				CLANG_ENABLE_OBJC_WEAK = YES;
				CLANG_WARN_BLOCK_CAPTURE_AUTORELEASING = YES;
				CLANG_WARN_BOOL_CONVERSION = YES;
				CLANG_WARN_COMMA = YES;
				CLANG_WARN_CONSTANT_CONVERSION = YES;
				CLANG_WARN_DEPRECATED_OBJC_IMPLEMENTATIONS = YES;
				CLANG_WARN_DIRECT_OBJC_ISA_USAGE = YES_ERROR;
				CLANG_WARN_DOCUMENTATION_COMMENTS = YES;
				CLANG_WARN_EMPTY_BODY = YES;
				CLANG_WARN_ENUM_CONVERSION = YES;
				CLANG_WARN_INFINITE_RECURSION = YES;
				CLANG_WARN_INT_CONVERSION = YES;
				CLANG_WARN_NON_LITERAL_NULL_CONVERSION = YES;
				CLANG_WARN_OBJC_IMPLICIT_RETAIN_SELF = YES;
				CLANG_WARN_OBJC_LITERAL_CONVERSION = YES;
				CLANG_WARN_OBJC_ROOT_CLASS = YES_ERROR;
				CLANG_WARN_RANGE_LOOP_ANALYSIS = YES;
				CLANG_WARN_STRICT_PROTOTYPES = YES;
				CLANG_WARN_SUSPICIOUS_MOVE = YES;
				CLANG_WARN_UNGUARDED_AVAILABILITY = YES_AGGRESSIVE;
				CLANG_WARN_UNREACHABLE_CODE = YES;
				CLANG_WARN__DUPLICATE_METHOD_MATCH = YES;
				COPY_PHASE_STRIP = NO;
				DEBUG_INFORMATION_FORMAT = "dwarf-with-dsym";
				ENABLE_NS_ASSERTIONS = NO;
				ENABLE_STRICT_OBJC_MSGSEND = YES;
				GCC_C_LANGUAGE_STANDARD = gnu11;
				GCC_NO_COMMON_BLOCKS = YES;
				GCC_WARN_64_TO_32_BIT_CONVERSION = YES;
				GCC_WARN_ABOUT_RETURN_TYPE = YES_ERROR;
				GCC_WARN_UNDECLARED_SELECTOR = YES;
				GCC_WARN_UNINITIALIZED_AUTOS = YES_AGGRESSIVE;
				GCC_WARN_UNUSED_FUNCTION = YES;
				GCC_WARN_UNUSED_VARIABLE = YES;
				IPHONEOS_DEPLOYMENT_TARGET = 13.5;
				MTL_ENABLE_DEBUG_INFO = NO;
				MTL_FAST_MATH = YES;
				SDKROOT = iphoneos;
				SWIFT_COMPILATION_MODE = wholemodule;
				SWIFT_OPTIMIZATION_LEVEL = "-O";
				VALIDATE_PRODUCT = YES;
			};
			name = Release;
		};
		EE47ED5824C04E480097CCDB /* Debug */ = {
			isa = XCBuildConfiguration;
			buildSettings = {
				ASSETCATALOG_COMPILER_APPICON_NAME = AppIcon;
				CODE_SIGN_STYLE = Automatic;
				DEVELOPMENT_ASSET_PATHS = "\"CoreMLExamples/Preview Content\"";
				ENABLE_PREVIEWS = YES;
				INFOPLIST_FILE = CoreMLExamples/Info.plist;
				LD_RUNPATH_SEARCH_PATHS = (
					"$(inherited)",
					"@executable_path/Frameworks",
				);
				PRODUCT_BUNDLE_IDENTIFIER = com.mamunul.CoreMLExamples;
				PRODUCT_NAME = "$(TARGET_NAME)";
				SWIFT_VERSION = 5.0;
				TARGETED_DEVICE_FAMILY = "1,2";
			};
			name = Debug;
		};
		EE47ED5924C04E480097CCDB /* Release */ = {
			isa = XCBuildConfiguration;
			buildSettings = {
				ASSETCATALOG_COMPILER_APPICON_NAME = AppIcon;
				CODE_SIGN_STYLE = Automatic;
				DEVELOPMENT_ASSET_PATHS = "\"CoreMLExamples/Preview Content\"";
				ENABLE_PREVIEWS = YES;
				INFOPLIST_FILE = CoreMLExamples/Info.plist;
				LD_RUNPATH_SEARCH_PATHS = (
					"$(inherited)",
					"@executable_path/Frameworks",
				);
				PRODUCT_BUNDLE_IDENTIFIER = com.mamunul.CoreMLExamples;
				PRODUCT_NAME = "$(TARGET_NAME)";
				SWIFT_VERSION = 5.0;
				TARGETED_DEVICE_FAMILY = "1,2";
			};
			name = Release;
		};
		EE47ED5B24C04E480097CCDB /* Debug */ = {
			isa = XCBuildConfiguration;
			buildSettings = {
				ALWAYS_EMBED_SWIFT_STANDARD_LIBRARIES = YES;
				BUNDLE_LOADER = "$(TEST_HOST)";
				CODE_SIGN_STYLE = Automatic;
				INFOPLIST_FILE = CoreMLExamplesTests/Info.plist;
				IPHONEOS_DEPLOYMENT_TARGET = 13.5;
				LD_RUNPATH_SEARCH_PATHS = (
					"$(inherited)",
					"@executable_path/Frameworks",
					"@loader_path/Frameworks",
				);
				PRODUCT_BUNDLE_IDENTIFIER = com.mamunul.CoreMLExamplesTests;
				PRODUCT_NAME = "$(TARGET_NAME)";
				SWIFT_VERSION = 5.0;
				TARGETED_DEVICE_FAMILY = "1,2";
				TEST_HOST = "$(BUILT_PRODUCTS_DIR)/CoreMLExamples.app/CoreMLExamples";
			};
			name = Debug;
		};
		EE47ED5C24C04E480097CCDB /* Release */ = {
			isa = XCBuildConfiguration;
			buildSettings = {
				ALWAYS_EMBED_SWIFT_STANDARD_LIBRARIES = YES;
				BUNDLE_LOADER = "$(TEST_HOST)";
				CODE_SIGN_STYLE = Automatic;
				INFOPLIST_FILE = CoreMLExamplesTests/Info.plist;
				IPHONEOS_DEPLOYMENT_TARGET = 13.5;
				LD_RUNPATH_SEARCH_PATHS = (
					"$(inherited)",
					"@executable_path/Frameworks",
					"@loader_path/Frameworks",
				);
				PRODUCT_BUNDLE_IDENTIFIER = com.mamunul.CoreMLExamplesTests;
				PRODUCT_NAME = "$(TARGET_NAME)";
				SWIFT_VERSION = 5.0;
				TARGETED_DEVICE_FAMILY = "1,2";
				TEST_HOST = "$(BUILT_PRODUCTS_DIR)/CoreMLExamples.app/CoreMLExamples";
			};
			name = Release;
		};
		EE47ED5E24C04E480097CCDB /* Debug */ = {
			isa = XCBuildConfiguration;
			buildSettings = {
				ALWAYS_EMBED_SWIFT_STANDARD_LIBRARIES = YES;
				CODE_SIGN_STYLE = Automatic;
				INFOPLIST_FILE = CoreMLExamplesUITests/Info.plist;
				LD_RUNPATH_SEARCH_PATHS = (
					"$(inherited)",
					"@executable_path/Frameworks",
					"@loader_path/Frameworks",
				);
				PRODUCT_BUNDLE_IDENTIFIER = com.mamunul.CoreMLExamplesUITests;
				PRODUCT_NAME = "$(TARGET_NAME)";
				SWIFT_VERSION = 5.0;
				TARGETED_DEVICE_FAMILY = "1,2";
				TEST_TARGET_NAME = CoreMLExamples;
			};
			name = Debug;
		};
		EE47ED5F24C04E480097CCDB /* Release */ = {
			isa = XCBuildConfiguration;
			buildSettings = {
				ALWAYS_EMBED_SWIFT_STANDARD_LIBRARIES = YES;
				CODE_SIGN_STYLE = Automatic;
				INFOPLIST_FILE = CoreMLExamplesUITests/Info.plist;
				LD_RUNPATH_SEARCH_PATHS = (
					"$(inherited)",
					"@executable_path/Frameworks",
					"@loader_path/Frameworks",
				);
				PRODUCT_BUNDLE_IDENTIFIER = com.mamunul.CoreMLExamplesUITests;
				PRODUCT_NAME = "$(TARGET_NAME)";
				SWIFT_VERSION = 5.0;
				TARGETED_DEVICE_FAMILY = "1,2";
				TEST_TARGET_NAME = CoreMLExamples;
			};
			name = Release;
		};
/* End XCBuildConfiguration section */

/* Begin XCConfigurationList section */
		EE47ED2824C04E410097CCDB /* Build configuration list for PBXProject "CoreMLExamples" */ = {
			isa = XCConfigurationList;
			buildConfigurations = (
				EE47ED5524C04E480097CCDB /* Debug */,
				EE47ED5624C04E480097CCDB /* Release */,
			);
			defaultConfigurationIsVisible = 0;
			defaultConfigurationName = Release;
		};
		EE47ED5724C04E480097CCDB /* Build configuration list for PBXNativeTarget "CoreMLExamples" */ = {
			isa = XCConfigurationList;
			buildConfigurations = (
				EE47ED5824C04E480097CCDB /* Debug */,
				EE47ED5924C04E480097CCDB /* Release */,
			);
			defaultConfigurationIsVisible = 0;
			defaultConfigurationName = Release;
		};
		EE47ED5A24C04E480097CCDB /* Build configuration list for PBXNativeTarget "CoreMLExamplesTests" */ = {
			isa = XCConfigurationList;
			buildConfigurations = (
				EE47ED5B24C04E480097CCDB /* Debug */,
				EE47ED5C24C04E480097CCDB /* Release */,
			);
			defaultConfigurationIsVisible = 0;
			defaultConfigurationName = Release;
		};
		EE47ED5D24C04E480097CCDB /* Build configuration list for PBXNativeTarget "CoreMLExamplesUITests" */ = {
			isa = XCConfigurationList;
			buildConfigurations = (
				EE47ED5E24C04E480097CCDB /* Debug */,
				EE47ED5F24C04E480097CCDB /* Release */,
			);
			defaultConfigurationIsVisible = 0;
			defaultConfigurationName = Release;
		};
/* End XCConfigurationList section */
	};
	rootObject = EE47ED2524C04E410097CCDB /* Project object */;
}
